
Microsoft Visual Studio Solution File, Format Version 12.00
# Visual Studio Version 18
VisualStudioVersion = 18.3.11222.16
MinimumVisualStudioVersion = 10.0.40219.1
Project("{2150E333-8FDC-42A3-9474-1A3956D46DE8}") = "Services", "Services", "{02EA681E-C7D8-13C7-8484-4AC65E1B71E8}"
EndProject
Project("{2150E333-8FDC-42A3-9474-1A3956D46DE8}") = "Auth", "Auth", "{416DC639-B559-4BF2-9726-C373C45CF84F}"
EndProject
Project("{FAE04EC0-301F-11D3-BF4B-00C04F79EFBC}") = "Services.Auth.Application", "Services\Auth\Services.Auth.Application\Services.Auth.Application.csproj", "{282E9C98-8E8C-C8E2-21A8-6B2638B734B0}"
EndProject
Project("{FAE04EC0-301F-11D3-BF4B-00C04F79EFBC}") = "Services.Auth.Domain", "Services\Auth\Services.Auth.Domain\Services.Auth.Domain.csproj", "{CCE4EF91-60C6-B4F1-EE79-04D000EC942E}"
EndProject
Project("{FAE04EC0-301F-11D3-BF4B-00C04F79EFBC}") = "Services.Auth.Infrastructure", "Services\Auth\Services.Auth.Infrastructure\Services.Auth.Infrastructure.csproj", "{2E3E9BF5-4EAC-4104-1DE4-EDD5830B7212}"
EndProject
Project("{FAE04EC0-301F-11D3-BF4B-00C04F79EFBC}") = "Services.Auth.Shared", "Services\Auth\Services.Auth.Shared\Services.Auth.Shared.csproj", "{FABFBB42-4728-EFE9-E493-E0C1295EE4A8}"
EndProject
Project("{FAE04EC0-301F-11D3-BF4B-00C04F79EFBC}") = "Services.Auth.API", "Services\Auth\Services.Auth.API\Services.Auth.API.csproj", "{7B060CB9-8B52-03D2-0F15-C801FFCFE838}"
EndProject
Project("{2150E333-8FDC-42A3-9474-1A3956D46DE8}") = "Email", "Email", "{F91B2FA8-0316-44C3-A5C7-593024E37C5C}"
EndProject
Project("{FAE04EC0-301F-11D3-BF4B-00C04F79EFBC}") = "Services.Email.Application", "Services\Email\Services.Email.Application\Services.Email.Application.csproj", "{9D91EBC9-709B-4FA6-B145-57F615A98007}"
EndProject
Project("{FAE04EC0-301F-11D3-BF4B-00C04F79EFBC}") = "Services.Email.Domain", "Services\Email\Services.Email.Domain\Services.Email.Domain.csproj", "{5A4D2A89-6668-4E1E-A1E7-8FF24839D899}"
EndProject
Project("{FAE04EC0-301F-11D3-BF4B-00C04F79EFBC}") = "Services.Email.Infrastructure", "Services\Email\Services.Email.Infrastructure\Services.Email.Infrastructure.csproj", "{AB067083-C1E3-4A03-ABF1-ED14413FCF57}"
EndProject
Project("{FAE04EC0-301F-11D3-BF4B-00C04F79EFBC}") = "Services.Email.Shared", "Services\Email\Services.Email.Shared\Services.Email.Shared.csproj", "{0EB014E5-38F8-4813-86FE-61C81A0A0135}"
EndProject
Project("{FAE04EC0-301F-11D3-BF4B-00C04F79EFBC}") = "Services.Email.API", "Services\Email\Services.Email.API\Services.Email.API.csproj", "{9B3A416B-1B1D-43BD-B933-0D20F96EE352}"
EndProject
Project("{2150E333-8FDC-42A3-9474-1A3956D46DE8}") = "File Management", "File Management", "{61B40595-3C65-41A4-B169-B5611E5E6073}"
EndProject
Project("{FAE04EC0-301F-11D3-BF4B-00C04F79EFBC}") = "Services.FileManagement.Infrastructure", "Services\FileManagement\Services.FileManagement.Infrastructure\Services.FileManagement.Infrastructure.csproj", "{42016FD6-9509-4378-BB77-F0888124BC21}"
EndProject
Project("{FAE04EC0-301F-11D3-BF4B-00C04F79EFBC}") = "Services.FileManagement.Domain", "Services\FileManagement\Services.FileManagement.Domain\Services.FileManagement.Domain.csproj", "{AE6403D5-C65C-419E-A8F5-1A0E9987D9AE}"
EndProject
Project("{FAE04EC0-301F-11D3-BF4B-00C04F79EFBC}") = "Services.FileManagement.Application", "Services\FileManagement\Services.FileManagement.Application\Services.FileManagement.Application.csproj", "{2BED4105-4FBE-4E46-B0CA-FA806659091C}"
EndProject
Project("{FAE04EC0-301F-11D3-BF4B-00C04F79EFBC}") = "Services.FileManagement.API", "Services\FileManagement\Services.FileManagement.API\Services.FileManagement.API.csproj", "{79338B66-2893-4CEE-BFB2-85FA72FE3D2D}"
EndProject
Project("{2150E333-8FDC-42A3-9474-1A3956D46DE8}") = "ServicesManagement", "ServicesManagement", "{B6EBF83B-1BA6-4AE1-A11E-E7B3CBCC6BC9}"
EndProject
Project("{FAE04EC0-301F-11D3-BF4B-00C04F79EFBC}") = "Services.ServicesManagement.Domain", "Services\ServicesManagement\Services.ServicesManagement.Domain\Services.ServicesManagement.Domain.csproj", "{D5A4E494-A8F9-43A5-BA33-FF20898674F4}"
EndProject
Project("{FAE04EC0-301F-11D3-BF4B-00C04F79EFBC}") = "Services.ServicesManagement.Application", "Services\ServicesManagement\Services.ServicesManagement.Application\Services.ServicesManagement.Application.csproj", "{3C486C7A-E4ED-4C85-9D39-83E2598E7487}"
EndProject
Project("{FAE04EC0-301F-11D3-BF4B-00C04F79EFBC}") = "Services.ServicesManagement.Infrastructure", "Services\ServicesManagement\Services.ServicesManagement.Infrastructure\Services.ServicesManagement.Infrastructure.csproj", "{87A93709-7FE3-4D3F-A75E-D79888145B3D}"
EndProject
Project("{FAE04EC0-301F-11D3-BF4B-00C04F79EFBC}") = "Services.ServicesManagement.API", "Services\ServicesManagement\Services.ServicesManagement.API\Services.ServicesManagement.API.csproj", "{38703128-B689-499D-A847-4FFBC2D1D3FA}"
EndProject
Project("{2150E333-8FDC-42A3-9474-1A3956D46DE8}") = "Gateway", "Gateway", "{633718E2-A8E8-42E9-A6A5-A346E0D2A78A}"
EndProject
Project("{FAE04EC0-301F-11D3-BF4B-00C04F79EFBC}") = "GatewaySolution", "Gateway\GatewaySolution\GatewaySolution.csproj", "{47DC8075-A7EB-4519-9E2B-60A37929D37D}"
EndProject
Global
	GlobalSection(SolutionConfigurationPlatforms) = preSolution
		Debug|Any CPU = Debug|Any CPU
		Release|Any CPU = Release|Any CPU
	EndGlobalSection
	GlobalSection(ProjectConfigurationPlatforms) = postSolution
		{282E9C98-8E8C-C8E2-21A8-6B2638B734B0}.Debug|Any CPU.ActiveCfg = Debug|Any CPU
		{282E9C98-8E8C-C8E2-21A8-6B2638B734B0}.Debug|Any CPU.Build.0 = Debug|Any CPU
		{282E9C98-8E8C-C8E2-21A8-6B2638B734B0}.Release|Any CPU.ActiveCfg = Release|Any CPU
		{282E9C98-8E8C-C8E2-21A8-6B2638B734B0}.Release|Any CPU.Build.0 = Release|Any CPU
		{CCE4EF91-60C6-B4F1-EE79-04D000EC942E}.Debug|Any CPU.ActiveCfg = Debug|Any CPU
		{CCE4EF91-60C6-B4F1-EE79-04D000EC942E}.Debug|Any CPU.Build.0 = Debug|Any CPU
		{CCE4EF91-60C6-B4F1-EE79-04D000EC942E}.Release|Any CPU.ActiveCfg = Release|Any CPU
		{CCE4EF91-60C6-B4F1-EE79-04D000EC942E}.Release|Any CPU.Build.0 = Release|Any CPU
		{2E3E9BF5-4EAC-4104-1DE4-EDD5830B7212}.Debug|Any CPU.ActiveCfg = Debug|Any CPU
		{2E3E9BF5-4EAC-4104-1DE4-EDD5830B7212}.Debug|Any CPU.Build.0 = Debug|Any CPU
		{2E3E9BF5-4EAC-4104-1DE4-EDD5830B7212}.Release|Any CPU.ActiveCfg = Release|Any CPU
		{2E3E9BF5-4EAC-4104-1DE4-EDD5830B7212}.Release|Any CPU.Build.0 = Release|Any CPU
		{FABFBB42-4728-EFE9-E493-E0C1295EE4A8}.Debug|Any CPU.ActiveCfg = Debug|Any CPU
		{FABFBB42-4728-EFE9-E493-E0C1295EE4A8}.Debug|Any CPU.Build.0 = Debug|Any CPU
		{FABFBB42-4728-EFE9-E493-E0C1295EE4A8}.Release|Any CPU.ActiveCfg = Release|Any CPU
		{FABFBB42-4728-EFE9-E493-E0C1295EE4A8}.Release|Any CPU.Build.0 = Release|Any CPU
		{7B060CB9-8B52-03D2-0F15-C801FFCFE838}.Debug|Any CPU.ActiveCfg = Debug|Any CPU
		{7B060CB9-8B52-03D2-0F15-C801FFCFE838}.Debug|Any CPU.Build.0 = Debug|Any CPU
		{7B060CB9-8B52-03D2-0F15-C801FFCFE838}.Release|Any CPU.ActiveCfg = Release|Any CPU
		{7B060CB9-8B52-03D2-0F15-C801FFCFE838}.Release|Any CPU.Build.0 = Release|Any CPU
		{9D91EBC9-709B-4FA6-B145-57F615A98007}.Debug|Any CPU.ActiveCfg = Debug|Any CPU
		{9D91EBC9-709B-4FA6-B145-57F615A98007}.Debug|Any CPU.Build.0 = Debug|Any CPU
		{9D91EBC9-709B-4FA6-B145-57F615A98007}.Release|Any CPU.ActiveCfg = Release|Any CPU
		{9D91EBC9-709B-4FA6-B145-57F615A98007}.Release|Any CPU.Build.0 = Release|Any CPU
		{5A4D2A89-6668-4E1E-A1E7-8FF24839D899}.Debug|Any CPU.ActiveCfg = Debug|Any CPU
		{5A4D2A89-6668-4E1E-A1E7-8FF24839D899}.Debug|Any CPU.Build.0 = Debug|Any CPU
		{5A4D2A89-6668-4E1E-A1E7-8FF24839D899}.Release|Any CPU.ActiveCfg = Release|Any CPU
		{5A4D2A89-6668-4E1E-A1E7-8FF24839D899}.Release|Any CPU.Build.0 = Release|Any CPU
		{AB067083-C1E3-4A03-ABF1-ED14413FCF57}.Debug|Any CPU.ActiveCfg = Debug|Any CPU
		{AB067083-C1E3-4A03-ABF1-ED14413FCF57}.Debug|Any CPU.Build.0 = Debug|Any CPU
		{AB067083-C1E3-4A03-ABF1-ED14413FCF57}.Release|Any CPU.ActiveCfg = Release|Any CPU
		{AB067083-C1E3-4A03-ABF1-ED14413FCF57}.Release|Any CPU.Build.0 = Release|Any CPU
		{0EB014E5-38F8-4813-86FE-61C81A0A0135}.Debug|Any CPU.ActiveCfg = Debug|Any CPU
		{0EB014E5-38F8-4813-86FE-61C81A0A0135}.Debug|Any CPU.Build.0 = Debug|Any CPU
		{0EB014E5-38F8-4813-86FE-61C81A0A0135}.Release|Any CPU.ActiveCfg = Release|Any CPU
		{0EB014E5-38F8-4813-86FE-61C81A0A0135}.Release|Any CPU.Build.0 = Release|Any CPU
		{9B3A416B-1B1D-43BD-B933-0D20F96EE352}.Debug|Any CPU.ActiveCfg = Debug|Any CPU
		{9B3A416B-1B1D-43BD-B933-0D20F96EE352}.Debug|Any CPU.Build.0 = Debug|Any CPU
		{9B3A416B-1B1D-43BD-B933-0D20F96EE352}.Release|Any CPU.ActiveCfg = Release|Any CPU
		{9B3A416B-1B1D-43BD-B933-0D20F96EE352}.Release|Any CPU.Build.0 = Release|Any CPU
		{42016FD6-9509-4378-BB77-F0888124BC21}.Debug|Any CPU.ActiveCfg = Debug|Any CPU
		{42016FD6-9509-4378-BB77-F0888124BC21}.Debug|Any CPU.Build.0 = Debug|Any CPU
		{42016FD6-9509-4378-BB77-F0888124BC21}.Release|Any CPU.ActiveCfg = Release|Any CPU
		{42016FD6-9509-4378-BB77-F0888124BC21}.Release|Any CPU.Build.0 = Release|Any CPU
		{AE6403D5-C65C-419E-A8F5-1A0E9987D9AE}.Debug|Any CPU.ActiveCfg = Debug|Any CPU
		{AE6403D5-C65C-419E-A8F5-1A0E9987D9AE}.Debug|Any CPU.Build.0 = Debug|Any CPU
		{AE6403D5-C65C-419E-A8F5-1A0E9987D9AE}.Release|Any CPU.ActiveCfg = Release|Any CPU
		{AE6403D5-C65C-419E-A8F5-1A0E9987D9AE}.Release|Any CPU.Build.0 = Release|Any CPU
		{2BED4105-4FBE-4E46-B0CA-FA806659091C}.Debug|Any CPU.ActiveCfg = Debug|Any CPU
		{2BED4105-4FBE-4E46-B0CA-FA806659091C}.Debug|Any CPU.Build.0 = Debug|Any CPU
		{2BED4105-4FBE-4E46-B0CA-FA806659091C}.Release|Any CPU.ActiveCfg = Release|Any CPU
		{2BED4105-4FBE-4E46-B0CA-FA806659091C}.Release|Any CPU.Build.0 = Release|Any CPU
		{79338B66-2893-4CEE-BFB2-85FA72FE3D2D}.Debug|Any CPU.ActiveCfg = Debug|Any CPU
		{79338B66-2893-4CEE-BFB2-85FA72FE3D2D}.Debug|Any CPU.Build.0 = Debug|Any CPU
		{79338B66-2893-4CEE-BFB2-85FA72FE3D2D}.Release|Any CPU.ActiveCfg = Release|Any CPU
		{79338B66-2893-4CEE-BFB2-85FA72FE3D2D}.Release|Any CPU.Build.0 = Release|Any CPU
		{D5A4E494-A8F9-43A5-BA33-FF20898674F4}.Debug|Any CPU.ActiveCfg = Debug|Any CPU
		{D5A4E494-A8F9-43A5-BA33-FF20898674F4}.Debug|Any CPU.Build.0 = Debug|Any CPU
		{D5A4E494-A8F9-43A5-BA33-FF20898674F4}.Release|Any CPU.ActiveCfg = Release|Any CPU
		{D5A4E494-A8F9-43A5-BA33-FF20898674F4}.Release|Any CPU.Build.0 = Release|Any CPU
		{3C486C7A-E4ED-4C85-9D39-83E2598E7487}.Debug|Any CPU.ActiveCfg = Debug|Any CPU
		{3C486C7A-E4ED-4C85-9D39-83E2598E7487}.Debug|Any CPU.Build.0 = Debug|Any CPU
		{3C486C7A-E4ED-4C85-9D39-83E2598E7487}.Release|Any CPU.ActiveCfg = Release|Any CPU
		{3C486C7A-E4ED-4C85-9D39-83E2598E7487}.Release|Any CPU.Build.0 = Release|Any CPU
		{87A93709-7FE3-4D3F-A75E-D79888145B3D}.Debug|Any CPU.ActiveCfg = Debug|Any CPU
		{87A93709-7FE3-4D3F-A75E-D79888145B3D}.Debug|Any CPU.Build.0 = Debug|Any CPU
		{87A93709-7FE3-4D3F-A75E-D79888145B3D}.Release|Any CPU.ActiveCfg = Release|Any CPU
		{87A93709-7FE3-4D3F-A75E-D79888145B3D}.Release|Any CPU.Build.0 = Release|Any CPU
		{38703128-B689-499D-A847-4FFBC2D1D3FA}.Debug|Any CPU.ActiveCfg = Debug|Any CPU
		{38703128-B689-499D-A847-4FFBC2D1D3FA}.Debug|Any CPU.Build.0 = Debug|Any CPU
		{38703128-B689-499D-A847-4FFBC2D1D3FA}.Release|Any CPU.ActiveCfg = Release|Any CPU
		{38703128-B689-499D-A847-4FFBC2D1D3FA}.Release|Any CPU.Build.0 = Release|Any CPU
		{47DC8075-A7EB-4519-9E2B-60A37929D37D}.Debug|Any CPU.ActiveCfg = Debug|Any CPU
		{47DC8075-A7EB-4519-9E2B-60A37929D37D}.Debug|Any CPU.Build.0 = Debug|Any CPU
		{47DC8075-A7EB-4519-9E2B-60A37929D37D}.Release|Any CPU.ActiveCfg = Release|Any CPU
		{47DC8075-A7EB-4519-9E2B-60A37929D37D}.Release|Any CPU.Build.0 = Release|Any CPU
	EndGlobalSection
	GlobalSection(SolutionProperties) = preSolution
		HideSolutionNode = FALSE
	EndGlobalSection
	GlobalSection(NestedProjects) = preSolution
		{416DC639-B559-4BF2-9726-C373C45CF84F} = {02EA681E-C7D8-13C7-8484-4AC65E1B71E8}
		{282E9C98-8E8C-C8E2-21A8-6B2638B734B0} = {416DC639-B559-4BF2-9726-C373C45CF84F}
		{CCE4EF91-60C6-B4F1-EE79-04D000EC942E} = {416DC639-B559-4BF2-9726-C373C45CF84F}
		{2E3E9BF5-4EAC-4104-1DE4-EDD5830B7212} = {416DC639-B559-4BF2-9726-C373C45CF84F}
		{FABFBB42-4728-EFE9-E493-E0C1295EE4A8} = {416DC639-B559-4BF2-9726-C373C45CF84F}
		{7B060CB9-8B52-03D2-0F15-C801FFCFE838} = {416DC639-B559-4BF2-9726-C373C45CF84F}
		{F91B2FA8-0316-44C3-A5C7-593024E37C5C} = {02EA681E-C7D8-13C7-8484-4AC65E1B71E8}
		{9D91EBC9-709B-4FA6-B145-57F615A98007} = {F91B2FA8-0316-44C3-A5C7-593024E37C5C}
		{5A4D2A89-6668-4E1E-A1E7-8FF24839D899} = {F91B2FA8-0316-44C3-A5C7-593024E37C5C}
		{AB067083-C1E3-4A03-ABF1-ED14413FCF57} = {F91B2FA8-0316-44C3-A5C7-593024E37C5C}
		{0EB014E5-38F8-4813-86FE-61C81A0A0135} = {F91B2FA8-0316-44C3-A5C7-593024E37C5C}
		{9B3A416B-1B1D-43BD-B933-0D20F96EE352} = {F91B2FA8-0316-44C3-A5C7-593024E37C5C}
		{61B40595-3C65-41A4-B169-B5611E5E6073} = {02EA681E-C7D8-13C7-8484-4AC65E1B71E8}
		{42016FD6-9509-4378-BB77-F0888124BC21} = {61B40595-3C65-41A4-B169-B5611E5E6073}
		{AE6403D5-C65C-419E-A8F5-1A0E9987D9AE} = {61B40595-3C65-41A4-B169-B5611E5E6073}
		{2BED4105-4FBE-4E46-B0CA-FA806659091C} = {61B40595-3C65-41A4-B169-B5611E5E6073}
		{79338B66-2893-4CEE-BFB2-85FA72FE3D2D} = {61B40595-3C65-41A4-B169-B5611E5E6073}
		{B6EBF83B-1BA6-4AE1-A11E-E7B3CBCC6BC9} = {02EA681E-C7D8-13C7-8484-4AC65E1B71E8}
		{D5A4E494-A8F9-43A5-BA33-FF20898674F4} = {B6EBF83B-1BA6-4AE1-A11E-E7B3CBCC6BC9}
		{3C486C7A-E4ED-4C85-9D39-83E2598E7487} = {B6EBF83B-1BA6-4AE1-A11E-E7B3CBCC6BC9}
		{87A93709-7FE3-4D3F-A75E-D79888145B3D} = {B6EBF83B-1BA6-4AE1-A11E-E7B3CBCC6BC9}
		{38703128-B689-499D-A847-4FFBC2D1D3FA} = {B6EBF83B-1BA6-4AE1-A11E-E7B3CBCC6BC9}
		{47DC8075-A7EB-4519-9E2B-60A37929D37D} = {633718E2-A8E8-42E9-A6A5-A346E0D2A78A}
	EndGlobalSection
	GlobalSection(ExtensibilityGlobals) = postSolution
		SolutionGuid = {A7D5012E-17CA-4872-AA01-BC09D9F8332D}
	EndGlobalSection
EndGlobal
