
Microsoft Visual Studio Solution File, Format Version 12.00
# Visual Studio Version 17
VisualStudioVersion = 17.14.36414.22
MinimumVisualStudioVersion = 10.0.40219.1
Project("{2150E333-8FDC-42A3-9474-1A3956D46DE8}") = "Services", "Services", "{02EA681E-C7D8-13C7-8484-4AC65E1B71E8}"
EndProject
Project("{2150E333-8FDC-42A3-9474-1A3956D46DE8}") = "Auth", "Auth", "{416DC639-B559-4BF2-9726-C373C45CF84F}"
EndProject
Project("{FAE04EC0-301F-11D3-BF4B-00C04F79EFBC}") = "Services.Auth.Application", "Services\Auth\Services.Auth.Application\Services.Auth.Application.csproj", "{282E9C98-8E8C-C8E2-21A8-6B2638B734B0}"
EndProject
Project("{FAE04EC0-301F-11D3-BF4B-00C04F79EFBC}") = "Services.Auth.Domain", "Services\Auth\Services.Auth.Domain\Services.Auth.Domain.csproj", "{CCE4EF91-60C6-B4F1-EE79-04D000EC942E}"
EndProject
Project("{FAE04EC0-301F-11D3-BF4B-00C04F79EFBC}") = "Services.Auth.Infrastructure", "Services\Auth\Services.Auth.Infrastructure\Services.Auth.Infrastructure.csproj", "{2E3E9BF5-4EAC-4104-1DE4-EDD5830B7212}"
EndProject
Project("{FAE04EC0-301F-11D3-BF4B-00C04F79EFBC}") = "Services.Auth.Shared", "Services\Auth\Services.Auth.Shared\Services.Auth.Shared.csproj", "{FABFBB42-4728-EFE9-E493-E0C1295EE4A8}"
EndProject
Project("{FAE04EC0-301F-11D3-BF4B-00C04F79EFBC}") = "Services.Auth.API", "Services\Auth\Services.Auth.API\Services.Auth.API.csproj", "{7B060CB9-8B52-03D2-0F15-C801FFCFE838}"
EndProject
Project("{2150E333-8FDC-42A3-9474-1A3956D46DE8}") = "Email", "Email", "{F91B2FA8-0316-44C3-A5C7-593024E37C5C}"
EndProject
Project("{FAE04EC0-301F-11D3-BF4B-00C04F79EFBC}") = "Services.Email.Application", "Services\Email\Services.Email.Application\Services.Email.Application.csproj", "{9D91EBC9-709B-4FA6-B145-57F615A98007}"
EndProject
Project("{FAE04EC0-301F-11D3-BF4B-00C04F79EFBC}") = "Services.Email.Domain", "Services\Email\Services.Email.Domain\Services.Email.Domain.csproj", "{5A4D2A89-6668-4E1E-A1E7-8FF24839D899}"
EndProject
Project("{FAE04EC0-301F-11D3-BF4B-00C04F79EFBC}") = "Services.Email.Infrastructure", "Services\Email\Services.Email.Infrastructure\Services.Email.Infrastructure.csproj", "{AB067083-C1E3-4A03-ABF1-ED14413FCF57}"
EndProject
Project("{FAE04EC0-301F-11D3-BF4B-00C04F79EFBC}") = "Services.Email.Shared", "Services\Email\Services.Email.Shared\Services.Email.Shared.csproj", "{0EB014E5-38F8-4813-86FE-61C81A0A0135}"
EndProject
Project("{FAE04EC0-301F-11D3-BF4B-00C04F79EFBC}") = "Services.Email.API", "Services\Email\Services.Email.API\Services.Email.API.csproj", "{9B3A416B-1B1D-43BD-B933-0D20F96EE352}"
EndProject
Global
	GlobalSection(SolutionConfigurationPlatforms) = preSolution
		Debug|Any CPU = Debug|Any CPU
		Release|Any CPU = Release|Any CPU
	EndGlobalSection
	GlobalSection(ProjectConfigurationPlatforms) = postSolution
		{282E9C98-8E8C-C8E2-21A8-6B2638B734B0}.Debug|Any CPU.ActiveCfg = Debug|Any CPU
		{282E9C98-8E8C-C8E2-21A8-6B2638B734B0}.Debug|Any CPU.Build.0 = Debug|Any CPU
		{282E9C98-8E8C-C8E2-21A8-6B2638B734B0}.Release|Any CPU.ActiveCfg = Release|Any CPU
		{282E9C98-8E8C-C8E2-21A8-6B2638B734B0}.Release|Any CPU.Build.0 = Release|Any CPU
		{CCE4EF91-60C6-B4F1-EE79-04D000EC942E}.Debug|Any CPU.ActiveCfg = Debug|Any CPU
		{CCE4EF91-60C6-B4F1-EE79-04D000EC942E}.Debug|Any CPU.Build.0 = Debug|Any CPU
		{CCE4EF91-60C6-B4F1-EE79-04D000EC942E}.Release|Any CPU.ActiveCfg = Release|Any CPU
		{CCE4EF91-60C6-B4F1-EE79-04D000EC942E}.Release|Any CPU.Build.0 = Release|Any CPU
		{2E3E9BF5-4EAC-4104-1DE4-EDD5830B7212}.Debug|Any CPU.ActiveCfg = Debug|Any CPU
		{2E3E9BF5-4EAC-4104-1DE4-EDD5830B7212}.Debug|Any CPU.Build.0 = Debug|Any CPU
		{2E3E9BF5-4EAC-4104-1DE4-EDD5830B7212}.Release|Any CPU.ActiveCfg = Release|Any CPU
		{2E3E9BF5-4EAC-4104-1DE4-EDD5830B7212}.Release|Any CPU.Build.0 = Release|Any CPU
		{FABFBB42-4728-EFE9-E493-E0C1295EE4A8}.Debug|Any CPU.ActiveCfg = Debug|Any CPU
		{FABFBB42-4728-EFE9-E493-E0C1295EE4A8}.Debug|Any CPU.Build.0 = Debug|Any CPU
		{FABFBB42-4728-EFE9-E493-E0C1295EE4A8}.Release|Any CPU.ActiveCfg = Release|Any CPU
		{FABFBB42-4728-EFE9-E493-E0C1295EE4A8}.Release|Any CPU.Build.0 = Release|Any CPU
		{7B060CB9-8B52-03D2-0F15-C801FFCFE838}.Debug|Any CPU.ActiveCfg = Debug|Any CPU
		{7B060CB9-8B52-03D2-0F15-C801FFCFE838}.Debug|Any CPU.Build.0 = Debug|Any CPU
		{7B060CB9-8B52-03D2-0F15-C801FFCFE838}.Release|Any CPU.ActiveCfg = Release|Any CPU
		{7B060CB9-8B52-03D2-0F15-C801FFCFE838}.Release|Any CPU.Build.0 = Release|Any CPU
		{9D91EBC9-709B-4FA6-B145-57F615A98007}.Debug|Any CPU.ActiveCfg = Debug|Any CPU
		{9D91EBC9-709B-4FA6-B145-57F615A98007}.Debug|Any CPU.Build.0 = Debug|Any CPU
		{9D91EBC9-709B-4FA6-B145-57F615A98007}.Release|Any CPU.ActiveCfg = Release|Any CPU
		{9D91EBC9-709B-4FA6-B145-57F615A98007}.Release|Any CPU.Build.0 = Release|Any CPU
		{5A4D2A89-6668-4E1E-A1E7-8FF24839D899}.Debug|Any CPU.ActiveCfg = Debug|Any CPU
		{5A4D2A89-6668-4E1E-A1E7-8FF24839D899}.Debug|Any CPU.Build.0 = Debug|Any CPU
		{5A4D2A89-6668-4E1E-A1E7-8FF24839D899}.Release|Any CPU.ActiveCfg = Release|Any CPU
		{5A4D2A89-6668-4E1E-A1E7-8FF24839D899}.Release|Any CPU.Build.0 = Release|Any CPU
		{AB067083-C1E3-4A03-ABF1-ED14413FCF57}.Debug|Any CPU.ActiveCfg = Debug|Any CPU
		{AB067083-C1E3-4A03-ABF1-ED14413FCF57}.Debug|Any CPU.Build.0 = Debug|Any CPU
		{AB067083-C1E3-4A03-ABF1-ED14413FCF57}.Release|Any CPU.ActiveCfg = Release|Any CPU
		{AB067083-C1E3-4A03-ABF1-ED14413FCF57}.Release|Any CPU.Build.0 = Release|Any CPU
		{0EB014E5-38F8-4813-86FE-61C81A0A0135}.Debug|Any CPU.ActiveCfg = Debug|Any CPU
		{0EB014E5-38F8-4813-86FE-61C81A0A0135}.Debug|Any CPU.Build.0 = Debug|Any CPU
		{0EB014E5-38F8-4813-86FE-61C81A0A0135}.Release|Any CPU.ActiveCfg = Release|Any CPU
		{0EB014E5-38F8-4813-86FE-61C81A0A0135}.Release|Any CPU.Build.0 = Release|Any CPU
		{9B3A416B-1B1D-43BD-B933-0D20F96EE352}.Debug|Any CPU.ActiveCfg = Debug|Any CPU
		{9B3A416B-1B1D-43BD-B933-0D20F96EE352}.Debug|Any CPU.Build.0 = Debug|Any CPU
		{9B3A416B-1B1D-43BD-B933-0D20F96EE352}.Release|Any CPU.ActiveCfg = Release|Any CPU
		{9B3A416B-1B1D-43BD-B933-0D20F96EE352}.Release|Any CPU.Build.0 = Release|Any CPU
	EndGlobalSection
	GlobalSection(SolutionProperties) = preSolution
		HideSolutionNode = FALSE
	EndGlobalSection
	GlobalSection(NestedProjects) = preSolution
		{416DC639-B559-4BF2-9726-C373C45CF84F} = {02EA681E-C7D8-13C7-8484-4AC65E1B71E8}
		{282E9C98-8E8C-C8E2-21A8-6B2638B734B0} = {416DC639-B559-4BF2-9726-C373C45CF84F}
		{CCE4EF91-60C6-B4F1-EE79-04D000EC942E} = {416DC639-B559-4BF2-9726-C373C45CF84F}
		{2E3E9BF5-4EAC-4104-1DE4-EDD5830B7212} = {416DC639-B559-4BF2-9726-C373C45CF84F}
		{FABFBB42-4728-EFE9-E493-E0C1295EE4A8} = {416DC639-B559-4BF2-9726-C373C45CF84F}
		{7B060CB9-8B52-03D2-0F15-C801FFCFE838} = {416DC639-B559-4BF2-9726-C373C45CF84F}
		{F91B2FA8-0316-44C3-A5C7-593024E37C5C} = {02EA681E-C7D8-13C7-8484-4AC65E1B71E8}
		{9D91EBC9-709B-4FA6-B145-57F615A98007} = {F91B2FA8-0316-44C3-A5C7-593024E37C5C}
		{5A4D2A89-6668-4E1E-A1E7-8FF24839D899} = {F91B2FA8-0316-44C3-A5C7-593024E37C5C}
		{AB067083-C1E3-4A03-ABF1-ED14413FCF57} = {F91B2FA8-0316-44C3-A5C7-593024E37C5C}
		{0EB014E5-38F8-4813-86FE-61C81A0A0135} = {F91B2FA8-0316-44C3-A5C7-593024E37C5C}
		{9B3A416B-1B1D-43BD-B933-0D20F96EE352} = {F91B2FA8-0316-44C3-A5C7-593024E37C5C}
	EndGlobalSection
	GlobalSection(ExtensibilityGlobals) = postSolution
		SolutionGuid = {A7D5012E-17CA-4872-AA01-BC09D9F8332D}
	EndGlobalSection
EndGlobal
