
Microsoft Visual Studio Solution File, Format Version 12.00
# Visual Studio Version 17
VisualStudioVersion = 17.14.36414.22
MinimumVisualStudioVersion = 10.0.40219.1
Project("{2150E333-8FDC-42A3-9474-1A3956D46DE8}") = "Services", "Services", "{02EA681E-C7D8-13C7-8484-4AC65E1B71E8}"
EndProject
Project("{2150E333-8FDC-42A3-9474-1A3956D46DE8}") = "Auth", "Auth", "{416DC639-B559-4BF2-9726-C373C45CF84F}"
EndProject
Project("{FAE04EC0-301F-11D3-BF4B-00C04F79EFBC}") = "Services.Auth.Application", "Services\Auth\Services.Auth.Application\Services.Auth.Application.csproj", "{282E9C98-8E8C-C8E2-21A8-6B2638B734B0}"
EndProject
Project("{FAE04EC0-301F-11D3-BF4B-00C04F79EFBC}") = "Services.Auth.Domain", "Services\Auth\Services.Auth.Domain\Services.Auth.Domain.csproj", "{CCE4EF91-60C6-B4F1-EE79-04D000EC942E}"
EndProject
Project("{FAE04EC0-301F-11D3-BF4B-00C04F79EFBC}") = "Services.Auth.Infrastructure", "Services\Auth\Services.Auth.Infrastructure\Services.Auth.Infrastructure.csproj", "{2E3E9BF5-4EAC-4104-1DE4-EDD5830B7212}"
EndProject
Project("{FAE04EC0-301F-11D3-BF4B-00C04F79EFBC}") = "Services.Auth.Shared", "Services\Auth\Services.Auth.Shared\Services.Auth.Shared.csproj", "{FABFBB42-4728-EFE9-E493-E0C1295EE4A8}"
EndProject
Project("{FAE04EC0-301F-11D3-BF4B-00C04F79EFBC}") = "Services.Auth.API", "Services\Auth\Services.Auth.API\Services.Auth.API.csproj", "{7B060CB9-8B52-03D2-0F15-C801FFCFE838}"
EndProject
Global
	GlobalSection(SolutionConfigurationPlatforms) = preSolution
		Debug|Any CPU = Debug|Any CPU
		Release|Any CPU = Release|Any CPU
	EndGlobalSection
	GlobalSection(ProjectConfigurationPlatforms) = postSolution
		{282E9C98-8E8C-C8E2-21A8-6B2638B734B0}.Debug|Any CPU.ActiveCfg = Debug|Any CPU
		{282E9C98-8E8C-C8E2-21A8-6B2638B734B0}.Debug|Any CPU.Build.0 = Debug|Any CPU
		{282E9C98-8E8C-C8E2-21A8-6B2638B734B0}.Release|Any CPU.ActiveCfg = Release|Any CPU
		{282E9C98-8E8C-C8E2-21A8-6B2638B734B0}.Release|Any CPU.Build.0 = Release|Any CPU
		{CCE4EF91-60C6-B4F1-EE79-04D000EC942E}.Debug|Any CPU.ActiveCfg = Debug|Any CPU
		{CCE4EF91-60C6-B4F1-EE79-04D000EC942E}.Debug|Any CPU.Build.0 = Debug|Any CPU
		{CCE4EF91-60C6-B4F1-EE79-04D000EC942E}.Release|Any CPU.ActiveCfg = Release|Any CPU
		{CCE4EF91-60C6-B4F1-EE79-04D000EC942E}.Release|Any CPU.Build.0 = Release|Any CPU
		{2E3E9BF5-4EAC-4104-1DE4-EDD5830B7212}.Debug|Any CPU.ActiveCfg = Debug|Any CPU
		{2E3E9BF5-4EAC-4104-1DE4-EDD5830B7212}.Debug|Any CPU.Build.0 = Debug|Any CPU
		{2E3E9BF5-4EAC-4104-1DE4-EDD5830B7212}.Release|Any CPU.ActiveCfg = Release|Any CPU
		{2E3E9BF5-4EAC-4104-1DE4-EDD5830B7212}.Release|Any CPU.Build.0 = Release|Any CPU
		{FABFBB42-4728-EFE9-E493-E0C1295EE4A8}.Debug|Any CPU.ActiveCfg = Debug|Any CPU
		{FABFBB42-4728-EFE9-E493-E0C1295EE4A8}.Debug|Any CPU.Build.0 = Debug|Any CPU
		{FABFBB42-4728-EFE9-E493-E0C1295EE4A8}.Release|Any CPU.ActiveCfg = Release|Any CPU
		{FABFBB42-4728-EFE9-E493-E0C1295EE4A8}.Release|Any CPU.Build.0 = Release|Any CPU
		{7B060CB9-8B52-03D2-0F15-C801FFCFE838}.Debug|Any CPU.ActiveCfg = Debug|Any CPU
		{7B060CB9-8B52-03D2-0F15-C801FFCFE838}.Debug|Any CPU.Build.0 = Debug|Any CPU
		{7B060CB9-8B52-03D2-0F15-C801FFCFE838}.Release|Any CPU.ActiveCfg = Release|Any CPU
		{7B060CB9-8B52-03D2-0F15-C801FFCFE838}.Release|Any CPU.Build.0 = Release|Any CPU
	EndGlobalSection
	GlobalSection(SolutionProperties) = preSolution
		HideSolutionNode = FALSE
	EndGlobalSection
	GlobalSection(NestedProjects) = preSolution
		{416DC639-B559-4BF2-9726-C373C45CF84F} = {02EA681E-C7D8-13C7-8484-4AC65E1B71E8}
		{282E9C98-8E8C-C8E2-21A8-6B2638B734B0} = {416DC639-B559-4BF2-9726-C373C45CF84F}
		{CCE4EF91-60C6-B4F1-EE79-04D000EC942E} = {416DC639-B559-4BF2-9726-C373C45CF84F}
		{2E3E9BF5-4EAC-4104-1DE4-EDD5830B7212} = {416DC639-B559-4BF2-9726-C373C45CF84F}
		{FABFBB42-4728-EFE9-E493-E0C1295EE4A8} = {416DC639-B559-4BF2-9726-C373C45CF84F}
		{7B060CB9-8B52-03D2-0F15-C801FFCFE838} = {416DC639-B559-4BF2-9726-C373C45CF84F}
	EndGlobalSection
	GlobalSection(ExtensibilityGlobals) = postSolution
		SolutionGuid = {A7D5012E-17CA-4872-AA01-BC09D9F8332D}
	EndGlobalSection
EndGlobal
